
Microsoft Visual Studio Solution File, Format Version 12.00
# Visual Studio 2012
Project("{FAE04EC0-301F-11D3-BF4B-00C04F79EFBC}") = "PriceTracker", "PriceTracker\PriceTracker.csproj", "{2CEA630E-B943-4AD6-8C90-37492205CD1A}"
EndProject
Project("{FAE04EC0-301F-11D3-BF4B-00C04F79EFBC}") = "TweetTracker", "TweetTracker\TweetTracker.csproj", "{034C75EE-CA9A-4641-8200-25F947141A2F}"
EndProject
Project("{FAE04EC0-301F-11D3-BF4B-00C04F79EFBC}") = "SentimentTicker.Web", "SentimentTicker.Web\SentimentTicker.Web.csproj", "{D2D29B86-79AE-4890-B256-98E813461DC7}"
EndProject
Project("{FAE04EC0-301F-11D3-BF4B-00C04F79EFBC}") = "SentimentTicker.Models", "SentimentTicker.Models\SentimentTicker.Models.csproj", "{C18D70E4-AED1-4F52-86F0-7C451779618E}"
EndProject
Global
	GlobalSection(SolutionConfigurationPlatforms) = preSolution
		Debug|Any CPU = Debug|Any CPU
		Release|Any CPU = Release|Any CPU
	EndGlobalSection
	GlobalSection(ProjectConfigurationPlatforms) = postSolution
		{2CEA630E-B943-4AD6-8C90-37492205CD1A}.Debug|Any CPU.ActiveCfg = Debug|Any CPU
		{2CEA630E-B943-4AD6-8C90-37492205CD1A}.Debug|Any CPU.Build.0 = Debug|Any CPU
		{2CEA630E-B943-4AD6-8C90-37492205CD1A}.Release|Any CPU.ActiveCfg = Release|Any CPU
		{2CEA630E-B943-4AD6-8C90-37492205CD1A}.Release|Any CPU.Build.0 = Release|Any CPU
		{034C75EE-CA9A-4641-8200-25F947141A2F}.Debug|Any CPU.ActiveCfg = Debug|Any CPU
		{034C75EE-CA9A-4641-8200-25F947141A2F}.Debug|Any CPU.Build.0 = Debug|Any CPU
		{034C75EE-CA9A-4641-8200-25F947141A2F}.Release|Any CPU.ActiveCfg = Release|Any CPU
		{034C75EE-CA9A-4641-8200-25F947141A2F}.Release|Any CPU.Build.0 = Release|Any CPU
		{D2D29B86-79AE-4890-B256-98E813461DC7}.Debug|Any CPU.ActiveCfg = Debug|Any CPU
		{D2D29B86-79AE-4890-B256-98E813461DC7}.Debug|Any CPU.Build.0 = Debug|Any CPU
		{D2D29B86-79AE-4890-B256-98E813461DC7}.Release|Any CPU.ActiveCfg = Release|Any CPU
		{D2D29B86-79AE-4890-B256-98E813461DC7}.Release|Any CPU.Build.0 = Release|Any CPU
		{C18D70E4-AED1-4F52-86F0-7C451779618E}.Debug|Any CPU.ActiveCfg = Debug|Any CPU
		{C18D70E4-AED1-4F52-86F0-7C451779618E}.Debug|Any CPU.Build.0 = Debug|Any CPU
		{C18D70E4-AED1-4F52-86F0-7C451779618E}.Release|Any CPU.ActiveCfg = Release|Any CPU
		{C18D70E4-AED1-4F52-86F0-7C451779618E}.Release|Any CPU.Build.0 = Release|Any CPU
	EndGlobalSection
	GlobalSection(MonoDevelopProperties) = preSolution
		Policies = $0
		$0.DotNetNamingPolicy = $1
		$1.DirectoryNamespaceAssociation = PrefixedHierarchical
		$0.VersionControlPolicy = $2
	EndGlobalSection
EndGlobal
